
Microsoft Visual Studio Solution File, Format Version 12.00
# Visual Studio Version 16
VisualStudioVersion = 16.0.31410.357
MinimumVisualStudioVersion = 10.0.40219.1
Project("{9A19103F-16F7-4668-BE54-9A1E7A4F7556}") = "FTPClient.Core", "FTPClient.Core\FTPClient.Core.csproj", "{9E0788A3-D208-4D08-8483-B5BDDCE2AC2F}"
EndProject
Project("{9A19103F-16F7-4668-BE54-9A1E7A4F7556}") = "FTPClient.GUI", "FTPClient.GUI\FTPClient.GUI.csproj", "{53E47AE7-9DB2-4B2B-BB7E-546458D74AD6}"
EndProject
Project("{9A19103F-16F7-4668-BE54-9A1E7A4F7556}") = "FTPClient.WhyFTP", "FTPClient.WhyFTP\FTPClient.WhyFTP.csproj", "{4E0F9BBF-9282-421B-A030-C2128E8DACB6}"
EndProject
Project("{FAE04EC0-301F-11D3-BF4B-00C04F79EFBC}") = "FTPClient.Core.XyxFTP", "FTPClient.Core.XyxFTP\FTPClient.Core.XyxFTP.csproj", "{22AC4382-CD38-460D-91D4-FDEADDA68898}"
EndProject
Global
	GlobalSection(SolutionConfigurationPlatforms) = preSolution
		Debug|Any CPU = Debug|Any CPU
		Release|Any CPU = Release|Any CPU
	EndGlobalSection
	GlobalSection(ProjectConfigurationPlatforms) = postSolution
		{9E0788A3-D208-4D08-8483-B5BDDCE2AC2F}.Debug|Any CPU.ActiveCfg = Debug|Any CPU
		{9E0788A3-D208-4D08-8483-B5BDDCE2AC2F}.Debug|Any CPU.Build.0 = Debug|Any CPU
		{9E0788A3-D208-4D08-8483-B5BDDCE2AC2F}.Release|Any CPU.ActiveCfg = Release|Any CPU
		{9E0788A3-D208-4D08-8483-B5BDDCE2AC2F}.Release|Any CPU.Build.0 = Release|Any CPU
		{53E47AE7-9DB2-4B2B-BB7E-546458D74AD6}.Debug|Any CPU.ActiveCfg = Debug|Any CPU
		{53E47AE7-9DB2-4B2B-BB7E-546458D74AD6}.Debug|Any CPU.Build.0 = Debug|Any CPU
		{53E47AE7-9DB2-4B2B-BB7E-546458D74AD6}.Release|Any CPU.ActiveCfg = Release|Any CPU
		{53E47AE7-9DB2-4B2B-BB7E-546458D74AD6}.Release|Any CPU.Build.0 = Release|Any CPU
		{4E0F9BBF-9282-421B-A030-C2128E8DACB6}.Debug|Any CPU.ActiveCfg = Debug|Any CPU
		{4E0F9BBF-9282-421B-A030-C2128E8DACB6}.Debug|Any CPU.Build.0 = Debug|Any CPU
		{4E0F9BBF-9282-421B-A030-C2128E8DACB6}.Release|Any CPU.ActiveCfg = Release|Any CPU
		{4E0F9BBF-9282-421B-A030-C2128E8DACB6}.Release|Any CPU.Build.0 = Release|Any CPU
		{22AC4382-CD38-460D-91D4-FDEADDA68898}.Debug|Any CPU.ActiveCfg = Debug|Any CPU
		{22AC4382-CD38-460D-91D4-FDEADDA68898}.Debug|Any CPU.Build.0 = Debug|Any CPU
		{22AC4382-CD38-460D-91D4-FDEADDA68898}.Release|Any CPU.ActiveCfg = Release|Any CPU
		{22AC4382-CD38-460D-91D4-FDEADDA68898}.Release|Any CPU.Build.0 = Release|Any CPU
	EndGlobalSection
	GlobalSection(SolutionProperties) = preSolution
		HideSolutionNode = FALSE
	EndGlobalSection
	GlobalSection(ExtensibilityGlobals) = postSolution
		SolutionGuid = {A0A5A082-B586-4F47-A18B-381BDE6C7F14}
	EndGlobalSection
EndGlobal
